
Microsoft Visual Studio Solution File, Format Version 12.00
# Visual Studio Version 16
VisualStudioVersion = 25.0.1706.7
MinimumVisualStudioVersion = 10.0.40219.1
Project("{FAE04EC0-301F-11D3-BF4B-00C04F79EFBC}") = "accountingMAUIBlazor", "accountingMAUIBlazor\accountingMAUIBlazor.csproj", "{A157F185-5B16-418B-9E98-34240E93EE65}"
EndProject
Global
	GlobalSection(SolutionConfigurationPlatforms) = preSolution
		Debug|Any CPU = Debug|Any CPU
		Release|Any CPU = Release|Any CPU
	EndGlobalSection
	GlobalSection(ProjectConfigurationPlatforms) = postSolution
		{A157F185-5B16-418B-9E98-34240E93EE65}.Debug|Any CPU.ActiveCfg = Debug|Any CPU
		{A157F185-5B16-418B-9E98-34240E93EE65}.Debug|Any CPU.Build.0 = Debug|Any CPU
		{A157F185-5B16-418B-9E98-34240E93EE65}.Release|Any CPU.ActiveCfg = Release|Any CPU
		{A157F185-5B16-418B-9E98-34240E93EE65}.Release|Any CPU.Build.0 = Release|Any CPU
	EndGlobalSection
	GlobalSection(SolutionProperties) = preSolution
		HideSolutionNode = FALSE
	EndGlobalSection
	GlobalSection(ExtensibilityGlobals) = postSolution
		SolutionGuid = {F182470E-8D81-4F96-9E6B-D9C96D325773}
	EndGlobalSection
EndGlobal
